
Microsoft Visual Studio Solution File, Format Version 12.00
# Visual Studio Version 17
VisualStudioVersion = 17.5.33414.496
MinimumVisualStudioVersion = 10.0.40219.1
Project("{FAE04EC0-301F-11D3-BF4B-00C04F79EFBC}") = "RentACar.PresentationLayer", "RentACar.PresentationLayer.csproj", "{BF1CF460-9B47-4423-8633-AFB5734FF5F9}"
EndProject
Project("{FAE04EC0-301F-11D3-BF4B-00C04F79EFBC}") = "RentACar.EntityLayer", "..\RentACar.EntityLayer\RentACar.EntityLayer.csproj", "{E1BB085F-792A-42DC-AD77-683E78500692}"
EndProject
Project("{FAE04EC0-301F-11D3-BF4B-00C04F79EFBC}") = "RentACar.BusinessLayer", "..\RentACar.BusinessLayer\RentACar.BusinessLayer.csproj", "{62C8A0EA-0523-4C4F-A505-6804CBFFF623}"
EndProject
Project("{FAE04EC0-301F-11D3-BF4B-00C04F79EFBC}") = "RentACar.DataAccessLayer", "..\RentACar.DataAccessLayer\RentACar.DataAccessLayer.csproj", "{ACF13DB1-BA19-43F1-BA7D-97DFA89B6B35}"
EndProject
Project("{FAE04EC0-301F-11D3-BF4B-00C04F79EFBC}") = "RentACar.DtoLayer", "..\RentACar.DtoLayer\RentACar.DtoLayer.csproj", "{33112287-0151-4FE3-B927-B7F94F191057}"
EndProject
Global
	GlobalSection(SolutionConfigurationPlatforms) = preSolution
		Debug|Any CPU = Debug|Any CPU
		Release|Any CPU = Release|Any CPU
	EndGlobalSection
	GlobalSection(ProjectConfigurationPlatforms) = postSolution
		{BF1CF460-9B47-4423-8633-AFB5734FF5F9}.Debug|Any CPU.ActiveCfg = Debug|Any CPU
		{BF1CF460-9B47-4423-8633-AFB5734FF5F9}.Debug|Any CPU.Build.0 = Debug|Any CPU
		{BF1CF460-9B47-4423-8633-AFB5734FF5F9}.Release|Any CPU.ActiveCfg = Release|Any CPU
		{BF1CF460-9B47-4423-8633-AFB5734FF5F9}.Release|Any CPU.Build.0 = Release|Any CPU
		{E1BB085F-792A-42DC-AD77-683E78500692}.Debug|Any CPU.ActiveCfg = Debug|Any CPU
		{E1BB085F-792A-42DC-AD77-683E78500692}.Debug|Any CPU.Build.0 = Debug|Any CPU
		{E1BB085F-792A-42DC-AD77-683E78500692}.Release|Any CPU.ActiveCfg = Release|Any CPU
		{E1BB085F-792A-42DC-AD77-683E78500692}.Release|Any CPU.Build.0 = Release|Any CPU
		{62C8A0EA-0523-4C4F-A505-6804CBFFF623}.Debug|Any CPU.ActiveCfg = Debug|Any CPU
		{62C8A0EA-0523-4C4F-A505-6804CBFFF623}.Debug|Any CPU.Build.0 = Debug|Any CPU
		{62C8A0EA-0523-4C4F-A505-6804CBFFF623}.Release|Any CPU.ActiveCfg = Release|Any CPU
		{62C8A0EA-0523-4C4F-A505-6804CBFFF623}.Release|Any CPU.Build.0 = Release|Any CPU
		{ACF13DB1-BA19-43F1-BA7D-97DFA89B6B35}.Debug|Any CPU.ActiveCfg = Debug|Any CPU
		{ACF13DB1-BA19-43F1-BA7D-97DFA89B6B35}.Debug|Any CPU.Build.0 = Debug|Any CPU
		{ACF13DB1-BA19-43F1-BA7D-97DFA89B6B35}.Release|Any CPU.ActiveCfg = Release|Any CPU
		{ACF13DB1-BA19-43F1-BA7D-97DFA89B6B35}.Release|Any CPU.Build.0 = Release|Any CPU
		{33112287-0151-4FE3-B927-B7F94F191057}.Debug|Any CPU.ActiveCfg = Debug|Any CPU
		{33112287-0151-4FE3-B927-B7F94F191057}.Debug|Any CPU.Build.0 = Debug|Any CPU
		{33112287-0151-4FE3-B927-B7F94F191057}.Release|Any CPU.ActiveCfg = Release|Any CPU
		{33112287-0151-4FE3-B927-B7F94F191057}.Release|Any CPU.Build.0 = Release|Any CPU
	EndGlobalSection
	GlobalSection(SolutionProperties) = preSolution
		HideSolutionNode = FALSE
	EndGlobalSection
	GlobalSection(ExtensibilityGlobals) = postSolution
		SolutionGuid = {17B0BABE-F3C3-4BB1-9A95-C6CEA9A4BE64}
	EndGlobalSection
EndGlobal
