
Microsoft Visual Studio Solution File, Format Version 12.00
# Visual Studio Version 17
VisualStudioVersion = 17.5.33516.290
MinimumVisualStudioVersion = 10.0.40219.1
Project("{FAE04EC0-301F-11D3-BF4B-00C04F79EFBC}") = "AkademiPlusApi.PresentationLayer", "AkademiPlusApi.PresentationLayer\AkademiPlusApi.PresentationLayer.csproj", "{F87B5F0C-9FA1-4677-AFBC-872E95FA2237}"
EndProject
Project("{FAE04EC0-301F-11D3-BF4B-00C04F79EFBC}") = "AkademiPlusApi.EntityLayer", "AkademiPlusApi.EntityLayer\AkademiPlusApi.EntityLayer.csproj", "{EB8C5A56-30B3-4E57-9C78-791D5BDF4979}"
EndProject
Project("{FAE04EC0-301F-11D3-BF4B-00C04F79EFBC}") = "AkademiPlusApi.DataAccessLayer", "AkademiPlusApi.DataAccessLayer\AkademiPlusApi.DataAccessLayer.csproj", "{A8353463-97A2-4442-AFE6-F8A75166E9BE}"
EndProject
Project("{FAE04EC0-301F-11D3-BF4B-00C04F79EFBC}") = "AkademiPlusApi.BusinessLayer", "AkademiPlusApi.BusinessLayer\AkademiPlusApi.BusinessLayer.csproj", "{11F2C44D-56D4-472A-9D96-6FE92BE4CC2C}"
EndProject
Global
	GlobalSection(SolutionConfigurationPlatforms) = preSolution
		Debug|Any CPU = Debug|Any CPU
		Release|Any CPU = Release|Any CPU
	EndGlobalSection
	GlobalSection(ProjectConfigurationPlatforms) = postSolution
		{F87B5F0C-9FA1-4677-AFBC-872E95FA2237}.Debug|Any CPU.ActiveCfg = Debug|Any CPU
		{F87B5F0C-9FA1-4677-AFBC-872E95FA2237}.Debug|Any CPU.Build.0 = Debug|Any CPU
		{F87B5F0C-9FA1-4677-AFBC-872E95FA2237}.Release|Any CPU.ActiveCfg = Release|Any CPU
		{F87B5F0C-9FA1-4677-AFBC-872E95FA2237}.Release|Any CPU.Build.0 = Release|Any CPU
		{EB8C5A56-30B3-4E57-9C78-791D5BDF4979}.Debug|Any CPU.ActiveCfg = Debug|Any CPU
		{EB8C5A56-30B3-4E57-9C78-791D5BDF4979}.Debug|Any CPU.Build.0 = Debug|Any CPU
		{EB8C5A56-30B3-4E57-9C78-791D5BDF4979}.Release|Any CPU.ActiveCfg = Release|Any CPU
		{EB8C5A56-30B3-4E57-9C78-791D5BDF4979}.Release|Any CPU.Build.0 = Release|Any CPU
		{A8353463-97A2-4442-AFE6-F8A75166E9BE}.Debug|Any CPU.ActiveCfg = Debug|Any CPU
		{A8353463-97A2-4442-AFE6-F8A75166E9BE}.Debug|Any CPU.Build.0 = Debug|Any CPU
		{A8353463-97A2-4442-AFE6-F8A75166E9BE}.Release|Any CPU.ActiveCfg = Release|Any CPU
		{A8353463-97A2-4442-AFE6-F8A75166E9BE}.Release|Any CPU.Build.0 = Release|Any CPU
		{11F2C44D-56D4-472A-9D96-6FE92BE4CC2C}.Debug|Any CPU.ActiveCfg = Debug|Any CPU
		{11F2C44D-56D4-472A-9D96-6FE92BE4CC2C}.Debug|Any CPU.Build.0 = Debug|Any CPU
		{11F2C44D-56D4-472A-9D96-6FE92BE4CC2C}.Release|Any CPU.ActiveCfg = Release|Any CPU
		{11F2C44D-56D4-472A-9D96-6FE92BE4CC2C}.Release|Any CPU.Build.0 = Release|Any CPU
	EndGlobalSection
	GlobalSection(SolutionProperties) = preSolution
		HideSolutionNode = FALSE
	EndGlobalSection
	GlobalSection(ExtensibilityGlobals) = postSolution
		SolutionGuid = {949121FE-CFCF-49CB-887D-C00098B31C43}
	EndGlobalSection
EndGlobal
