
Microsoft Visual Studio Solution File, Format Version 12.00
# Visual Studio Version 17
VisualStudioVersion = 17.5.33516.290
MinimumVisualStudioVersion = 10.0.40219.1
Project("{FAE04EC0-301F-11D3-BF4B-00C04F79EFBC}") = "CommentProject", "CommentProject\CommentProject.csproj", "{3FEAE24D-7D74-4D96-A230-617AB32C0DA6}"
EndProject
Project("{FAE04EC0-301F-11D3-BF4B-00C04F79EFBC}") = "CommentProject.EntityLayer", "CommentProjectEntityLayer\CommentProject.EntityLayer.csproj", "{AE381A54-EBB4-4127-834B-0773DB7FE4FE}"
EndProject
Project("{FAE04EC0-301F-11D3-BF4B-00C04F79EFBC}") = "CommentProject.DataAccessLayer", "CommentProject.DataAccessLayer\CommentProject.DataAccessLayer.csproj", "{E41E1F34-9A8B-4020-9817-08D0F15220EE}"
EndProject
Global
	GlobalSection(SolutionConfigurationPlatforms) = preSolution
		Debug|Any CPU = Debug|Any CPU
		Release|Any CPU = Release|Any CPU
	EndGlobalSection
	GlobalSection(ProjectConfigurationPlatforms) = postSolution
		{3FEAE24D-7D74-4D96-A230-617AB32C0DA6}.Debug|Any CPU.ActiveCfg = Debug|Any CPU
		{3FEAE24D-7D74-4D96-A230-617AB32C0DA6}.Debug|Any CPU.Build.0 = Debug|Any CPU
		{3FEAE24D-7D74-4D96-A230-617AB32C0DA6}.Release|Any CPU.ActiveCfg = Release|Any CPU
		{3FEAE24D-7D74-4D96-A230-617AB32C0DA6}.Release|Any CPU.Build.0 = Release|Any CPU
		{AE381A54-EBB4-4127-834B-0773DB7FE4FE}.Debug|Any CPU.ActiveCfg = Debug|Any CPU
		{AE381A54-EBB4-4127-834B-0773DB7FE4FE}.Debug|Any CPU.Build.0 = Debug|Any CPU
		{AE381A54-EBB4-4127-834B-0773DB7FE4FE}.Release|Any CPU.ActiveCfg = Release|Any CPU
		{AE381A54-EBB4-4127-834B-0773DB7FE4FE}.Release|Any CPU.Build.0 = Release|Any CPU
		{E41E1F34-9A8B-4020-9817-08D0F15220EE}.Debug|Any CPU.ActiveCfg = Debug|Any CPU
		{E41E1F34-9A8B-4020-9817-08D0F15220EE}.Debug|Any CPU.Build.0 = Debug|Any CPU
		{E41E1F34-9A8B-4020-9817-08D0F15220EE}.Release|Any CPU.ActiveCfg = Release|Any CPU
		{E41E1F34-9A8B-4020-9817-08D0F15220EE}.Release|Any CPU.Build.0 = Release|Any CPU
	EndGlobalSection
	GlobalSection(SolutionProperties) = preSolution
		HideSolutionNode = FALSE
	EndGlobalSection
	GlobalSection(ExtensibilityGlobals) = postSolution
		SolutionGuid = {5B49E2BA-846F-4897-9CBB-A4326F14F2E3}
	EndGlobalSection
EndGlobal
